// !$*UTF8*$!
{
	archiveVersion = 1;
	classes = {
	};
	objectVersion = 46;
	objects = {

/* Begin PBXBuildFile section */
		E8185C561CC88FEE00BD26BB /* Observer.swift in Sources */ = {isa = PBXBuildFile; fileRef = E8185C551CC88FEE00BD26BB /* Observer.swift */; };
		E8185C581CC8905D00BD26BB /* Subject.swift in Sources */ = {isa = PBXBuildFile; fileRef = E8185C571CC8905D00BD26BB /* Subject.swift */; };
		E842A46D1CBD17F200ECB155 /* AppDelegate.swift in Sources */ = {isa = PBXBuildFile; fileRef = E842A46C1CBD17F200ECB155 /* AppDelegate.swift */; };
		E842A46F1CBD17F200ECB155 /* ViewController.swift in Sources */ = {isa = PBXBuildFile; fileRef = E842A46E1CBD17F200ECB155 /* ViewController.swift */; };
		E842A4721CBD17F200ECB155 /* Main.storyboard in Resources */ = {isa = PBXBuildFile; fileRef = E842A4701CBD17F200ECB155 /* Main.storyboard */; };
		E842A4741CBD17F200ECB155 /* Assets.xcassets in Resources */ = {isa = PBXBuildFile; fileRef = E842A4731CBD17F200ECB155 /* Assets.xcassets */; };
		E842A4771CBD17F200ECB155 /* LaunchScreen.storyboard in Resources */ = {isa = PBXBuildFile; fileRef = E842A4751CBD17F200ECB155 /* LaunchScreen.storyboard */; };
		E842A4821CBD17F200ECB155 /* ObserberGraphTests.swift in Sources */ = {isa = PBXBuildFile; fileRef = E842A4811CBD17F200ECB155 /* ObserberGraphTests.swift */; };
		E842A48D1CBD17F200ECB155 /* ObserberGraphUITests.swift in Sources */ = {isa = PBXBuildFile; fileRef = E842A48C1CBD17F200ECB155 /* ObserberGraphUITests.swift */; };
		E842A49B1CBD1A1300ECB155 /* GraphView.swift in Sources */ = {isa = PBXBuildFile; fileRef = E842A49A1CBD1A1300ECB155 /* GraphView.swift */; };
		E85B79D51CC9CC6500BC3A14 /* SliderViewController.swift in Sources */ = {isa = PBXBuildFile; fileRef = E85B79D41CC9CC6500BC3A14 /* SliderViewController.swift */; };
		E85B79D71CC9CF9C00BC3A14 /* PickerViewController.swift in Sources */ = {isa = PBXBuildFile; fileRef = E85B79D61CC9CF9C00BC3A14 /* PickerViewController.swift */; };
		E85B79D91CC9D3AE00BC3A14 /* SliderContainerView.swift in Sources */ = {isa = PBXBuildFile; fileRef = E85B79D81CC9D3AE00BC3A14 /* SliderContainerView.swift */; };
		E85B79DB1CC9D3BC00BC3A14 /* PickerContainerView.swift in Sources */ = {isa = PBXBuildFile; fileRef = E85B79DA1CC9D3BC00BC3A14 /* PickerContainerView.swift */; };
/* End PBXBuildFile section */

/* Begin PBXContainerItemProxy section */
		E842A47E1CBD17F200ECB155 /* PBXContainerItemProxy */ = {
			isa = PBXContainerItemProxy;
			containerPortal = E842A4611CBD17F200ECB155 /* Project object */;
			proxyType = 1;
			remoteGlobalIDString = E842A4681CBD17F200ECB155;
			remoteInfo = ObserberGraph;
		};
		E842A4891CBD17F200ECB155 /* PBXContainerItemProxy */ = {
			isa = PBXContainerItemProxy;
			containerPortal = E842A4611CBD17F200ECB155 /* Project object */;
			proxyType = 1;
			remoteGlobalIDString = E842A4681CBD17F200ECB155;
			remoteInfo = ObserberGraph;
		};
/* End PBXContainerItemProxy section */

/* Begin PBXFileReference section */
		E8185C551CC88FEE00BD26BB /* Observer.swift */ = {isa = PBXFileReference; fileEncoding = 4; lastKnownFileType = sourcecode.swift; path = Observer.swift; sourceTree = "<group>"; };
		E8185C571CC8905D00BD26BB /* Subject.swift */ = {isa = PBXFileReference; fileEncoding = 4; lastKnownFileType = sourcecode.swift; path = Subject.swift; sourceTree = "<group>"; };
		E842A4691CBD17F200ECB155 /* ObserberGraph.app */ = {isa = PBXFileReference; explicitFileType = wrapper.application; includeInIndex = 0; path = ObserberGraph.app; sourceTree = BUILT_PRODUCTS_DIR; };
		E842A46C1CBD17F200ECB155 /* AppDelegate.swift */ = {isa = PBXFileReference; lastKnownFileType = sourcecode.swift; path = AppDelegate.swift; sourceTree = "<group>"; };
		E842A46E1CBD17F200ECB155 /* ViewController.swift */ = {isa = PBXFileReference; lastKnownFileType = sourcecode.swift; path = ViewController.swift; sourceTree = "<group>"; };
		E842A4711CBD17F200ECB155 /* Base */ = {isa = PBXFileReference; lastKnownFileType = file.storyboard; name = Base; path = Base.lproj/Main.storyboard; sourceTree = "<group>"; };
		E842A4731CBD17F200ECB155 /* Assets.xcassets */ = {isa = PBXFileReference; lastKnownFileType = folder.assetcatalog; path = Assets.xcassets; sourceTree = "<group>"; };
		E842A4761CBD17F200ECB155 /* Base */ = {isa = PBXFileReference; lastKnownFileType = file.storyboard; name = Base; path = Base.lproj/LaunchScreen.storyboard; sourceTree = "<group>"; };
		E842A4781CBD17F200ECB155 /* Info.plist */ = {isa = PBXFileReference; lastKnownFileType = text.plist.xml; path = Info.plist; sourceTree = "<group>"; };
		E842A47D1CBD17F200ECB155 /* ObserberGraphTests.xctest */ = {isa = PBXFileReference; explicitFileType = wrapper.cfbundle; includeInIndex = 0; path = ObserberGraphTests.xctest; sourceTree = BUILT_PRODUCTS_DIR; };
		E842A4811CBD17F200ECB155 /* ObserberGraphTests.swift */ = {isa = PBXFileReference; lastKnownFileType = sourcecode.swift; path = ObserberGraphTests.swift; sourceTree = "<group>"; };
		E842A4831CBD17F200ECB155 /* Info.plist */ = {isa = PBXFileReference; lastKnownFileType = text.plist.xml; path = Info.plist; sourceTree = "<group>"; };
		E842A4881CBD17F200ECB155 /* ObserberGraphUITests.xctest */ = {isa = PBXFileReference; explicitFileType = wrapper.cfbundle; includeInIndex = 0; path = ObserberGraphUITests.xctest; sourceTree = BUILT_PRODUCTS_DIR; };
		E842A48C1CBD17F200ECB155 /* ObserberGraphUITests.swift */ = {isa = PBXFileReference; lastKnownFileType = sourcecode.swift; path = ObserberGraphUITests.swift; sourceTree = "<group>"; };
		E842A48E1CBD17F200ECB155 /* Info.plist */ = {isa = PBXFileReference; lastKnownFileType = text.plist.xml; path = Info.plist; sourceTree = "<group>"; };
		E842A49A1CBD1A1300ECB155 /* GraphView.swift */ = {isa = PBXFileReference; fileEncoding = 4; lastKnownFileType = sourcecode.swift; path = GraphView.swift; sourceTree = "<group>"; };
		E85B79D41CC9CC6500BC3A14 /* SliderViewController.swift */ = {isa = PBXFileReference; fileEncoding = 4; lastKnownFileType = sourcecode.swift; path = SliderViewController.swift; sourceTree = "<group>"; };
		E85B79D61CC9CF9C00BC3A14 /* PickerViewController.swift */ = {isa = PBXFileReference; fileEncoding = 4; lastKnownFileType = sourcecode.swift; path = PickerViewController.swift; sourceTree = "<group>"; };
		E85B79D81CC9D3AE00BC3A14 /* SliderContainerView.swift */ = {isa = PBXFileReference; fileEncoding = 4; lastKnownFileType = sourcecode.swift; path = SliderContainerView.swift; sourceTree = "<group>"; };
		E85B79DA1CC9D3BC00BC3A14 /* PickerContainerView.swift */ = {isa = PBXFileReference; fileEncoding = 4; lastKnownFileType = sourcecode.swift; path = PickerContainerView.swift; sourceTree = "<group>"; };
/* End PBXFileReference section */

/* Begin PBXFrameworksBuildPhase section */
		E842A4661CBD17F200ECB155 /* Frameworks */ = {
			isa = PBXFrameworksBuildPhase;
			buildActionMask = 2147483647;
			files = (
			);
			runOnlyForDeploymentPostprocessing = 0;
		};
		E842A47A1CBD17F200ECB155 /* Frameworks */ = {
			isa = PBXFrameworksBuildPhase;
			buildActionMask = 2147483647;
			files = (
			);
			runOnlyForDeploymentPostprocessing = 0;
		};
		E842A4851CBD17F200ECB155 /* Frameworks */ = {
			isa = PBXFrameworksBuildPhase;
			buildActionMask = 2147483647;
			files = (
			);
			runOnlyForDeploymentPostprocessing = 0;
		};
/* End PBXFrameworksBuildPhase section */

/* Begin PBXGroup section */
		E842A4601CBD17F200ECB155 = {
			isa = PBXGroup;
			children = (
				E842A46B1CBD17F200ECB155 /* ObserberGraph */,
				E842A4801CBD17F200ECB155 /* ObserberGraphTests */,
				E842A48B1CBD17F200ECB155 /* ObserberGraphUITests */,
				E842A46A1CBD17F200ECB155 /* Products */,
			);
			sourceTree = "<group>";
		};
		E842A46A1CBD17F200ECB155 /* Products */ = {
			isa = PBXGroup;
			children = (
				E842A4691CBD17F200ECB155 /* ObserberGraph.app */,
				E842A47D1CBD17F200ECB155 /* ObserberGraphTests.xctest */,
				E842A4881CBD17F200ECB155 /* ObserberGraphUITests.xctest */,
			);
			name = Products;
			sourceTree = "<group>";
		};
		E842A46B1CBD17F200ECB155 /* ObserberGraph */ = {
			isa = PBXGroup;
			children = (
				E842A46C1CBD17F200ECB155 /* AppDelegate.swift */,
				E842A46E1CBD17F200ECB155 /* ViewController.swift */,
				E8185C551CC88FEE00BD26BB /* Observer.swift */,
				E8185C571CC8905D00BD26BB /* Subject.swift */,
				E842A49A1CBD1A1300ECB155 /* GraphView.swift */,
				E85B79D41CC9CC6500BC3A14 /* SliderViewController.swift */,
				E85B79D81CC9D3AE00BC3A14 /* SliderContainerView.swift */,
				E85B79DA1CC9D3BC00BC3A14 /* PickerContainerView.swift */,
				E85B79D61CC9CF9C00BC3A14 /* PickerViewController.swift */,
				E842A4701CBD17F200ECB155 /* Main.storyboard */,
				E842A4731CBD17F200ECB155 /* Assets.xcassets */,
				E842A4751CBD17F200ECB155 /* LaunchScreen.storyboard */,
				E842A4781CBD17F200ECB155 /* Info.plist */,
			);
			path = ObserberGraph;
			sourceTree = "<group>";
		};
		E842A4801CBD17F200ECB155 /* ObserberGraphTests */ = {
			isa = PBXGroup;
			children = (
				E842A4811CBD17F200ECB155 /* ObserberGraphTests.swift */,
				E842A4831CBD17F200ECB155 /* Info.plist */,
			);
			path = ObserberGraphTests;
			sourceTree = "<group>";
		};
		E842A48B1CBD17F200ECB155 /* ObserberGraphUITests */ = {
			isa = PBXGroup;
			children = (
				E842A48C1CBD17F200ECB155 /* ObserberGraphUITests.swift */,
				E842A48E1CBD17F200ECB155 /* Info.plist */,
			);
			path = ObserberGraphUITests;
			sourceTree = "<group>";
		};
/* End PBXGroup section */

/* Begin PBXNativeTarget section */
		E842A4681CBD17F200ECB155 /* ObserberGraph */ = {
			isa = PBXNativeTarget;
			buildConfigurationList = E842A4911CBD17F200ECB155 /* Build configuration list for PBXNativeTarget "ObserberGraph" */;
			buildPhases = (
				E842A4651CBD17F200ECB155 /* Sources */,
				E842A4661CBD17F200ECB155 /* Frameworks */,
				E842A4671CBD17F200ECB155 /* Resources */,
			);
			buildRules = (
			);
			dependencies = (
			);
			name = ObserberGraph;
			productName = ObserberGraph;
			productReference = E842A4691CBD17F200ECB155 /* ObserberGraph.app */;
			productType = "com.apple.product-type.application";
		};
		E842A47C1CBD17F200ECB155 /* ObserberGraphTests */ = {
			isa = PBXNativeTarget;
			buildConfigurationList = E842A4941CBD17F200ECB155 /* Build configuration list for PBXNativeTarget "ObserberGraphTests" */;
			buildPhases = (
				E842A4791CBD17F200ECB155 /* Sources */,
				E842A47A1CBD17F200ECB155 /* Frameworks */,
				E842A47B1CBD17F200ECB155 /* Resources */,
			);
			buildRules = (
			);
			dependencies = (
				E842A47F1CBD17F200ECB155 /* PBXTargetDependency */,
			);
			name = ObserberGraphTests;
			productName = ObserberGraphTests;
			productReference = E842A47D1CBD17F200ECB155 /* ObserberGraphTests.xctest */;
			productType = "com.apple.product-type.bundle.unit-test";
		};
		E842A4871CBD17F200ECB155 /* ObserberGraphUITests */ = {
			isa = PBXNativeTarget;
			buildConfigurationList = E842A4971CBD17F200ECB155 /* Build configuration list for PBXNativeTarget "ObserberGraphUITests" */;
			buildPhases = (
				E842A4841CBD17F200ECB155 /* Sources */,
				E842A4851CBD17F200ECB155 /* Frameworks */,
				E842A4861CBD17F200ECB155 /* Resources */,
			);
			buildRules = (
			);
			dependencies = (
				E842A48A1CBD17F200ECB155 /* PBXTargetDependency */,
			);
			name = ObserberGraphUITests;
			productName = ObserberGraphUITests;
			productReference = E842A4881CBD17F200ECB155 /* ObserberGraphUITests.xctest */;
			productType = "com.apple.product-type.bundle.ui-testing";
		};
/* End PBXNativeTarget section */

/* Begin PBXProject section */
		E842A4611CBD17F200ECB155 /* Project object */ = {
			isa = PBXProject;
			attributes = {
				LastSwiftUpdateCheck = 0730;
				LastUpgradeCheck = 0730;
				ORGANIZATIONNAME = "有村琢磨";
				TargetAttributes = {
					E842A4681CBD17F200ECB155 = {
						CreatedOnToolsVersion = 7.3;
					};
					E842A47C1CBD17F200ECB155 = {
						CreatedOnToolsVersion = 7.3;
						TestTargetID = E842A4681CBD17F200ECB155;
					};
					E842A4871CBD17F200ECB155 = {
						CreatedOnToolsVersion = 7.3;
						TestTargetID = E842A4681CBD17F200ECB155;
					};
				};
			};
			buildConfigurationList = E842A4641CBD17F200ECB155 /* Build configuration list for PBXProject "ObserberGraph" */;
			compatibilityVersion = "Xcode 3.2";
			developmentRegion = English;
			hasScannedForEncodings = 0;
			knownRegions = (
				en,
				Base,
			);
			mainGroup = E842A4601CBD17F200ECB155;
			productRefGroup = E842A46A1CBD17F200ECB155 /* Products */;
			projectDirPath = "";
			projectRoot = "";
			targets = (
				E842A4681CBD17F200ECB155 /* ObserberGraph */,
				E842A47C1CBD17F200ECB155 /* ObserberGraphTests */,
				E842A4871CBD17F200ECB155 /* ObserberGraphUITests */,
			);
		};
/* End PBXProject section */

/* Begin PBXResourcesBuildPhase section */
		E842A4671CBD17F200ECB155 /* Resources */ = {
			isa = PBXResourcesBuildPhase;
			buildActionMask = 2147483647;
			files = (
				E842A4771CBD17F200ECB155 /* LaunchScreen.storyboard in Resources */,
				E842A4741CBD17F200ECB155 /* Assets.xcassets in Resources */,
				E842A4721CBD17F200ECB155 /* Main.storyboard in Resources */,
			);
			runOnlyForDeploymentPostprocessing = 0;
		};
		E842A47B1CBD17F200ECB155 /* Resources */ = {
			isa = PBXResourcesBuildPhase;
			buildActionMask = 2147483647;
			files = (
			);
			runOnlyForDeploymentPostprocessing = 0;
		};
		E842A4861CBD17F200ECB155 /* Resources */ = {
			isa = PBXResourcesBuildPhase;
			buildActionMask = 2147483647;
			files = (
			);
			runOnlyForDeploymentPostprocessing = 0;
		};
/* End PBXResourcesBuildPhase section */

/* Begin PBXSourcesBuildPhase section */
		E842A4651CBD17F200ECB155 /* Sources */ = {
			isa = PBXSourcesBuildPhase;
			buildActionMask = 2147483647;
			files = (
				E842A46F1CBD17F200ECB155 /* ViewController.swift in Sources */,
				E8185C581CC8905D00BD26BB /* Subject.swift in Sources */,
				E8185C561CC88FEE00BD26BB /* Observer.swift in Sources */,
				E85B79D51CC9CC6500BC3A14 /* SliderViewController.swift in Sources */,
				E842A46D1CBD17F200ECB155 /* AppDelegate.swift in Sources */,
				E85B79D91CC9D3AE00BC3A14 /* SliderContainerView.swift in Sources */,
				E85B79DB1CC9D3BC00BC3A14 /* PickerContainerView.swift in Sources */,
				E85B79D71CC9CF9C00BC3A14 /* PickerViewController.swift in Sources */,
				E842A49B1CBD1A1300ECB155 /* GraphView.swift in Sources */,
			);
			runOnlyForDeploymentPostprocessing = 0;
		};
		E842A4791CBD17F200ECB155 /* Sources */ = {
			isa = PBXSourcesBuildPhase;
			buildActionMask = 2147483647;
			files = (
				E842A4821CBD17F200ECB155 /* ObserberGraphTests.swift in Sources */,
			);
			runOnlyForDeploymentPostprocessing = 0;
		};
		E842A4841CBD17F200ECB155 /* Sources */ = {
			isa = PBXSourcesBuildPhase;
			buildActionMask = 2147483647;
			files = (
				E842A48D1CBD17F200ECB155 /* ObserberGraphUITests.swift in Sources */,
			);
			runOnlyForDeploymentPostprocessing = 0;
		};
/* End PBXSourcesBuildPhase section */

/* Begin PBXTargetDependency section */
		E842A47F1CBD17F200ECB155 /* PBXTargetDependency */ = {
			isa = PBXTargetDependency;
			target = E842A4681CBD17F200ECB155 /* ObserberGraph */;
			targetProxy = E842A47E1CBD17F200ECB155 /* PBXContainerItemProxy */;
		};
		E842A48A1CBD17F200ECB155 /* PBXTargetDependency */ = {
			isa = PBXTargetDependency;
			target = E842A4681CBD17F200ECB155 /* ObserberGraph */;
			targetProxy = E842A4891CBD17F200ECB155 /* PBXContainerItemProxy */;
		};
/* End PBXTargetDependency section */

/* Begin PBXVariantGroup section */
		E842A4701CBD17F200ECB155 /* Main.storyboard */ = {
			isa = PBXVariantGroup;
			children = (
				E842A4711CBD17F200ECB155 /* Base */,
			);
			name = Main.storyboard;
			sourceTree = "<group>";
		};
		E842A4751CBD17F200ECB155 /* LaunchScreen.storyboard */ = {
			isa = PBXVariantGroup;
			children = (
				E842A4761CBD17F200ECB155 /* Base */,
			);
			name = LaunchScreen.storyboard;
			sourceTree = "<group>";
		};
/* End PBXVariantGroup section */

/* Begin XCBuildConfiguration section */
		E842A48F1CBD17F200ECB155 /* Debug */ = {
			isa = XCBuildConfiguration;
			buildSettings = {
				ALWAYS_SEARCH_USER_PATHS = NO;
				CLANG_ANALYZER_NONNULL = YES;
				CLANG_CXX_LANGUAGE_STANDARD = "gnu++0x";
				CLANG_CXX_LIBRARY = "libc++";
				CLANG_ENABLE_MODULES = YES;
				CLANG_ENABLE_OBJC_ARC = YES;
				CLANG_WARN_BOOL_CONVERSION = YES;
				CLANG_WARN_CONSTANT_CONVERSION = YES;
				CLANG_WARN_DIRECT_OBJC_ISA_USAGE = YES_ERROR;
				CLANG_WARN_EMPTY_BODY = YES;
				CLANG_WARN_ENUM_CONVERSION = YES;
				CLANG_WARN_INT_CONVERSION = YES;
				CLANG_WARN_OBJC_ROOT_CLASS = YES_ERROR;
				CLANG_WARN_UNREACHABLE_CODE = YES;
				CLANG_WARN__DUPLICATE_METHOD_MATCH = YES;
				"CODE_SIGN_IDENTITY[sdk=iphoneos*]" = "iPhone Developer";
				COPY_PHASE_STRIP = NO;
				DEBUG_INFORMATION_FORMAT = dwarf;
				ENABLE_STRICT_OBJC_MSGSEND = YES;
				ENABLE_TESTABILITY = YES;
				GCC_C_LANGUAGE_STANDARD = gnu99;
				GCC_DYNAMIC_NO_PIC = NO;
				GCC_NO_COMMON_BLOCKS = YES;
				GCC_OPTIMIZATION_LEVEL = 0;
				GCC_PREPROCESSOR_DEFINITIONS = (
					"DEBUG=1",
					"$(inherited)",
				);
				GCC_WARN_64_TO_32_BIT_CONVERSION = YES;
				GCC_WARN_ABOUT_RETURN_TYPE = YES_ERROR;
				GCC_WARN_UNDECLARED_SELECTOR = YES;
				GCC_WARN_UNINITIALIZED_AUTOS = YES_AGGRESSIVE;
				GCC_WARN_UNUSED_FUNCTION = YES;
				GCC_WARN_UNUSED_VARIABLE = YES;
				IPHONEOS_DEPLOYMENT_TARGET = 9.3;
				MTL_ENABLE_DEBUG_INFO = YES;
				ONLY_ACTIVE_ARCH = YES;
				SDKROOT = iphoneos;
				SWIFT_OPTIMIZATION_LEVEL = "-Onone";
			};
			name = Debug;
		};
		E842A4901CBD17F200ECB155 /* Release */ = {
			isa = XCBuildConfiguration;
			buildSettings = {
				ALWAYS_SEARCH_USER_PATHS = NO;
				CLANG_ANALYZER_NONNULL = YES;
				CLANG_CXX_LANGUAGE_STANDARD = "gnu++0x";
				CLANG_CXX_LIBRARY = "libc++";
				CLANG_ENABLE_MODULES = YES;
				CLANG_ENABLE_OBJC_ARC = YES;
				CLANG_WARN_BOOL_CONVERSION = YES;
				CLANG_WARN_CONSTANT_CONVERSION = YES;
				CLANG_WARN_DIRECT_OBJC_ISA_USAGE = YES_ERROR;
				CLANG_WARN_EMPTY_BODY = YES;
				CLANG_WARN_ENUM_CONVERSION = YES;
				CLANG_WARN_INT_CONVERSION = YES;
				CLANG_WARN_OBJC_ROOT_CLASS = YES_ERROR;
				CLANG_WARN_UNREACHABLE_CODE = YES;
				CLANG_WARN__DUPLICATE_METHOD_MATCH = YES;
				"CODE_SIGN_IDENTITY[sdk=iphoneos*]" = "iPhone Developer";
				COPY_PHASE_STRIP = NO;
				DEBUG_INFORMATION_FORMAT = "dwarf-with-dsym";
				ENABLE_NS_ASSERTIONS = NO;
				ENABLE_STRICT_OBJC_MSGSEND = YES;
				GCC_C_LANGUAGE_STANDARD = gnu99;
				GCC_NO_COMMON_BLOCKS = YES;
				GCC_WARN_64_TO_32_BIT_CONVERSION = YES;
				GCC_WARN_ABOUT_RETURN_TYPE = YES_ERROR;
				GCC_WARN_UNDECLARED_SELECTOR = YES;
				GCC_WARN_UNINITIALIZED_AUTOS = YES_AGGRESSIVE;
				GCC_WARN_UNUSED_FUNCTION = YES;
				GCC_WARN_UNUSED_VARIABLE = YES;
				IPHONEOS_DEPLOYMENT_TARGET = 9.3;
				MTL_ENABLE_DEBUG_INFO = NO;
				SDKROOT = iphoneos;
				VALIDATE_PRODUCT = YES;
			};
			name = Release;
		};
		E842A4921CBD17F200ECB155 /* Debug */ = {
			isa = XCBuildConfiguration;
			buildSettings = {
				ASSETCATALOG_COMPILER_APPICON_NAME = AppIcon;
				INFOPLIST_FILE = ObserberGraph/Info.plist;
				LD_RUNPATH_SEARCH_PATHS = "$(inherited) @executable_path/Frameworks";
				PRODUCT_BUNDLE_IDENTIFIER = self.edu.ObserberGraph;
				PRODUCT_NAME = "$(TARGET_NAME)";
			};
			name = Debug;
		};
		E842A4931CBD17F200ECB155 /* Release */ = {
			isa = XCBuildConfiguration;
			buildSettings = {
				ASSETCATALOG_COMPILER_APPICON_NAME = AppIcon;
				INFOPLIST_FILE = ObserberGraph/Info.plist;
				LD_RUNPATH_SEARCH_PATHS = "$(inherited) @executable_path/Frameworks";
				PRODUCT_BUNDLE_IDENTIFIER = self.edu.ObserberGraph;
				PRODUCT_NAME = "$(TARGET_NAME)";
			};
			name = Release;
		};
		E842A4951CBD17F200ECB155 /* Debug */ = {
			isa = XCBuildConfiguration;
			buildSettings = {
				BUNDLE_LOADER = "$(TEST_HOST)";
				INFOPLIST_FILE = ObserberGraphTests/Info.plist;
				LD_RUNPATH_SEARCH_PATHS = "$(inherited) @executable_path/Frameworks @loader_path/Frameworks";
				PRODUCT_BUNDLE_IDENTIFIER = self.edu.ObserberGraphTests;
				PRODUCT_NAME = "$(TARGET_NAME)";
				TEST_HOST = "$(BUILT_PRODUCTS_DIR)/ObserberGraph.app/ObserberGraph";
			};
			name = Debug;
		};
		E842A4961CBD17F200ECB155 /* Release */ = {
			isa = XCBuildConfiguration;
			buildSettings = {
				BUNDLE_LOADER = "$(TEST_HOST)";
				INFOPLIST_FILE = ObserberGraphTests/Info.plist;
				LD_RUNPATH_SEARCH_PATHS = "$(inherited) @executable_path/Frameworks @loader_path/Frameworks";
				PRODUCT_BUNDLE_IDENTIFIER = self.edu.ObserberGraphTests;
				PRODUCT_NAME = "$(TARGET_NAME)";
				TEST_HOST = "$(BUILT_PRODUCTS_DIR)/ObserberGraph.app/ObserberGraph";
			};
			name = Release;
		};
		E842A4981CBD17F200ECB155 /* Debug */ = {
			isa = XCBuildConfiguration;
			buildSettings = {
				INFOPLIST_FILE = ObserberGraphUITests/Info.plist;
				LD_RUNPATH_SEARCH_PATHS = "$(inherited) @executable_path/Frameworks @loader_path/Frameworks";
				PRODUCT_BUNDLE_IDENTIFIER = self.edu.ObserberGraphUITests;
				PRODUCT_NAME = "$(TARGET_NAME)";
				TEST_TARGET_NAME = ObserberGraph;
			};
			name = Debug;
		};
		E842A4991CBD17F200ECB155 /* Release */ = {
			isa = XCBuildConfiguration;
			buildSettings = {
				INFOPLIST_FILE = ObserberGraphUITests/Info.plist;
				LD_RUNPATH_SEARCH_PATHS = "$(inherited) @executable_path/Frameworks @loader_path/Frameworks";
				PRODUCT_BUNDLE_IDENTIFIER = self.edu.ObserberGraphUITests;
				PRODUCT_NAME = "$(TARGET_NAME)";
				TEST_TARGET_NAME = ObserberGraph;
			};
			name = Release;
		};
/* End XCBuildConfiguration section */

/* Begin XCConfigurationList section */
		E842A4641CBD17F200ECB155 /* Build configuration list for PBXProject "ObserberGraph" */ = {
			isa = XCConfigurationList;
			buildConfigurations = (
				E842A48F1CBD17F200ECB155 /* Debug */,
				E842A4901CBD17F200ECB155 /* Release */,
			);
			defaultConfigurationIsVisible = 0;
			defaultConfigurationName = Release;
		};
		E842A4911CBD17F200ECB155 /* Build configuration list for PBXNativeTarget "ObserberGraph" */ = {
			isa = XCConfigurationList;
			buildConfigurations = (
				E842A4921CBD17F200ECB155 /* Debug */,
				E842A4931CBD17F200ECB155 /* Release */,
			);
			defaultConfigurationIsVisible = 0;
			defaultConfigurationName = Release;
		};
		E842A4941CBD17F200ECB155 /* Build configuration list for PBXNativeTarget "ObserberGraphTests" */ = {
			isa = XCConfigurationList;
			buildConfigurations = (
				E842A4951CBD17F200ECB155 /* Debug */,
				E842A4961CBD17F200ECB155 /* Release */,
			);
			defaultConfigurationIsVisible = 0;
			defaultConfigurationName = Release;
		};
		E842A4971CBD17F200ECB155 /* Build configuration list for PBXNativeTarget "ObserberGraphUITests" */ = {
			isa = XCConfigurationList;
			buildConfigurations = (
				E842A4981CBD17F200ECB155 /* Debug */,
				E842A4991CBD17F200ECB155 /* Release */,
			);
			defaultConfigurationIsVisible = 0;
			defaultConfigurationName = Release;
		};
/* End XCConfigurationList section */
	};
	rootObject = E842A4611CBD17F200ECB155 /* Project object */;
}
